
Microsoft Visual Studio Solution File, Format Version 12.00
# Visual Studio 15
VisualStudioVersion = 15.0.28307.489
MinimumVisualStudioVersion = 10.0.40219.1
Project("{FAE04EC0-301F-11D3-BF4B-00C04F79EFBC}") = "Trening2", "Trening2\Trening2.csproj", "{1D44597B-E132-4789-B244-0DA8D2EBEBAA}"
EndProject
Project("{FAE04EC0-301F-11D3-BF4B-00C04F79EFBC}") = "Trening1", "Trening1\Trening1.csproj", "{852D864C-E37F-4B36-AE14-CA3908B42814}"
EndProject
Project("{FAE04EC0-301F-11D3-BF4B-00C04F79EFBC}") = "Trening3", "Trening3\Trening3.csproj", "{875C98B2-023A-49D3-BEA8-4A30D13FADC7}"
EndProject
Project("{FAE04EC0-301F-11D3-BF4B-00C04F79EFBC}") = "NUnintTests", "NUnintTests\NUnintTests.csproj", "{CDD59BF9-6FA9-44FE-8FEB-2458F4BBCAC8}"
EndProject
Global
	GlobalSection(SolutionConfigurationPlatforms) = preSolution
		Debug|Any CPU = Debug|Any CPU
		Release|Any CPU = Release|Any CPU
	EndGlobalSection
	GlobalSection(ProjectConfigurationPlatforms) = postSolution
		{1D44597B-E132-4789-B244-0DA8D2EBEBAA}.Debug|Any CPU.ActiveCfg = Debug|Any CPU
		{1D44597B-E132-4789-B244-0DA8D2EBEBAA}.Debug|Any CPU.Build.0 = Debug|Any CPU
		{1D44597B-E132-4789-B244-0DA8D2EBEBAA}.Release|Any CPU.ActiveCfg = Release|Any CPU
		{1D44597B-E132-4789-B244-0DA8D2EBEBAA}.Release|Any CPU.Build.0 = Release|Any CPU
		{852D864C-E37F-4B36-AE14-CA3908B42814}.Debug|Any CPU.ActiveCfg = Debug|Any CPU
		{852D864C-E37F-4B36-AE14-CA3908B42814}.Debug|Any CPU.Build.0 = Debug|Any CPU
		{852D864C-E37F-4B36-AE14-CA3908B42814}.Release|Any CPU.ActiveCfg = Release|Any CPU
		{852D864C-E37F-4B36-AE14-CA3908B42814}.Release|Any CPU.Build.0 = Release|Any CPU
		{875C98B2-023A-49D3-BEA8-4A30D13FADC7}.Debug|Any CPU.ActiveCfg = Debug|Any CPU
		{875C98B2-023A-49D3-BEA8-4A30D13FADC7}.Debug|Any CPU.Build.0 = Debug|Any CPU
		{875C98B2-023A-49D3-BEA8-4A30D13FADC7}.Release|Any CPU.ActiveCfg = Release|Any CPU
		{875C98B2-023A-49D3-BEA8-4A30D13FADC7}.Release|Any CPU.Build.0 = Release|Any CPU
		{CDD59BF9-6FA9-44FE-8FEB-2458F4BBCAC8}.Debug|Any CPU.ActiveCfg = Debug|Any CPU
		{CDD59BF9-6FA9-44FE-8FEB-2458F4BBCAC8}.Debug|Any CPU.Build.0 = Debug|Any CPU
		{CDD59BF9-6FA9-44FE-8FEB-2458F4BBCAC8}.Release|Any CPU.ActiveCfg = Release|Any CPU
		{CDD59BF9-6FA9-44FE-8FEB-2458F4BBCAC8}.Release|Any CPU.Build.0 = Release|Any CPU
	EndGlobalSection
	GlobalSection(SolutionProperties) = preSolution
		HideSolutionNode = FALSE
	EndGlobalSection
	GlobalSection(ExtensibilityGlobals) = postSolution
		SolutionGuid = {9757441E-A354-4E09-96B0-ED8271E7834F}
	EndGlobalSection
EndGlobal
